
Microsoft Visual Studio Solution File, Format Version 12.00
# Visual Studio Version 16
VisualStudioVersion = 16.0.31205.134
MinimumVisualStudioVersion = 10.0.40219.1
Project("{FAE04EC0-301F-11D3-BF4B-00C04F79EFBC}") = "Gonzalez-TicTacToe", "Gonzalez-TicTacToe.csproj", "{AD52BE88-D043-448F-AFF4-0CEA6F57AD92}"
EndProject
Global
	GlobalSection(SolutionConfigurationPlatforms) = preSolution
		Debug|Any CPU = Debug|Any CPU
		Release|Any CPU = Release|Any CPU
	EndGlobalSection
	GlobalSection(ProjectConfigurationPlatforms) = postSolution
		{AD52BE88-D043-448F-AFF4-0CEA6F57AD92}.Debug|Any CPU.ActiveCfg = Debug|Any CPU
		{AD52BE88-D043-448F-AFF4-0CEA6F57AD92}.Debug|Any CPU.Build.0 = Debug|Any CPU
		{AD52BE88-D043-448F-AFF4-0CEA6F57AD92}.Release|Any CPU.ActiveCfg = Release|Any CPU
		{AD52BE88-D043-448F-AFF4-0CEA6F57AD92}.Release|Any CPU.Build.0 = Release|Any CPU
	EndGlobalSection
	GlobalSection(SolutionProperties) = preSolution
		HideSolutionNode = FALSE
	EndGlobalSection
	GlobalSection(ExtensibilityGlobals) = postSolution
		SolutionGuid = {B293035A-C375-464A-8415-0EBC8C4D4F51}
	EndGlobalSection
EndGlobal
